
Microsoft Visual Studio Solution File, Format Version 12.00
# Visual Studio Version 17
VisualStudioVersion = 17.3.32901.215
MinimumVisualStudioVersion = 10.0.40219.1
Project("{FAE04EC0-301F-11D3-BF4B-00C04F79EFBC}") = "UC3-Player_Check_Option", "UC3-Player_Check_Option\UC3-Player_Check_Option.csproj", "{97A5D056-88A5-49CD-BD0C-5B3CC5EDB9CF}"
EndProject
Global
	GlobalSection(SolutionConfigurationPlatforms) = preSolution
		Debug|Any CPU = Debug|Any CPU
		Release|Any CPU = Release|Any CPU
	EndGlobalSection
	GlobalSection(ProjectConfigurationPlatforms) = postSolution
		{97A5D056-88A5-49CD-BD0C-5B3CC5EDB9CF}.Debug|Any CPU.ActiveCfg = Debug|Any CPU
		{97A5D056-88A5-49CD-BD0C-5B3CC5EDB9CF}.Debug|Any CPU.Build.0 = Debug|Any CPU
		{97A5D056-88A5-49CD-BD0C-5B3CC5EDB9CF}.Release|Any CPU.ActiveCfg = Release|Any CPU
		{97A5D056-88A5-49CD-BD0C-5B3CC5EDB9CF}.Release|Any CPU.Build.0 = Release|Any CPU
	EndGlobalSection
	GlobalSection(SolutionProperties) = preSolution
		HideSolutionNode = FALSE
	EndGlobalSection
	GlobalSection(ExtensibilityGlobals) = postSolution
		SolutionGuid = {014E0EE6-69ED-47F0-A834-37963EF18207}
	EndGlobalSection
EndGlobal
