
Microsoft Visual Studio Solution File, Format Version 12.00
# Visual Studio Version 17
VisualStudioVersion = 17.3.32901.215
MinimumVisualStudioVersion = 10.0.40219.1
Project("{FAE04EC0-301F-11D3-BF4B-00C04F79EFBC}") = "UC2-Roll_The_Die", "UC2-Roll_The_Die\UC2-Roll_The_Die.csproj", "{31D78AF7-FCE2-4A75-BAB8-6D6942119C2B}"
EndProject
Global
	GlobalSection(SolutionConfigurationPlatforms) = preSolution
		Debug|Any CPU = Debug|Any CPU
		Release|Any CPU = Release|Any CPU
	EndGlobalSection
	GlobalSection(ProjectConfigurationPlatforms) = postSolution
		{31D78AF7-FCE2-4A75-BAB8-6D6942119C2B}.Debug|Any CPU.ActiveCfg = Debug|Any CPU
		{31D78AF7-FCE2-4A75-BAB8-6D6942119C2B}.Debug|Any CPU.Build.0 = Debug|Any CPU
		{31D78AF7-FCE2-4A75-BAB8-6D6942119C2B}.Release|Any CPU.ActiveCfg = Release|Any CPU
		{31D78AF7-FCE2-4A75-BAB8-6D6942119C2B}.Release|Any CPU.Build.0 = Release|Any CPU
	EndGlobalSection
	GlobalSection(SolutionProperties) = preSolution
		HideSolutionNode = FALSE
	EndGlobalSection
	GlobalSection(ExtensibilityGlobals) = postSolution
		SolutionGuid = {6FB343BA-0064-40CD-BFD0-0A190E5F673F}
	EndGlobalSection
EndGlobal
