
Microsoft Visual Studio Solution File, Format Version 12.00
# Visual Studio Version 17
VisualStudioVersion = 17.3.32901.215
MinimumVisualStudioVersion = 10.0.40219.1
Project("{FAE04EC0-301F-11D3-BF4B-00C04F79EFBC}") = "UC6-Dice_Count", "UC6-Dice_Count\UC6-Dice_Count.csproj", "{0528BE5B-0AB2-4B9A-BAE8-C1FD6E8C554C}"
EndProject
Global
	GlobalSection(SolutionConfigurationPlatforms) = preSolution
		Debug|Any CPU = Debug|Any CPU
		Release|Any CPU = Release|Any CPU
	EndGlobalSection
	GlobalSection(ProjectConfigurationPlatforms) = postSolution
		{0528BE5B-0AB2-4B9A-BAE8-C1FD6E8C554C}.Debug|Any CPU.ActiveCfg = Debug|Any CPU
		{0528BE5B-0AB2-4B9A-BAE8-C1FD6E8C554C}.Debug|Any CPU.Build.0 = Debug|Any CPU
		{0528BE5B-0AB2-4B9A-BAE8-C1FD6E8C554C}.Release|Any CPU.ActiveCfg = Release|Any CPU
		{0528BE5B-0AB2-4B9A-BAE8-C1FD6E8C554C}.Release|Any CPU.Build.0 = Release|Any CPU
	EndGlobalSection
	GlobalSection(SolutionProperties) = preSolution
		HideSolutionNode = FALSE
	EndGlobalSection
	GlobalSection(ExtensibilityGlobals) = postSolution
		SolutionGuid = {6B4E021A-84D5-4F62-90F9-1978A7494C64}
	EndGlobalSection
EndGlobal
