
Microsoft Visual Studio Solution File, Format Version 12.00
# Visual Studio Version 17
VisualStudioVersion = 17.3.32901.215
MinimumVisualStudioVersion = 10.0.40219.1
Project("{FAE04EC0-301F-11D3-BF4B-00C04F79EFBC}") = "UC5-Exact_Winning", "UC5-Exact_Winning\UC5-Exact_Winning.csproj", "{12BA5598-3B5F-4269-9990-75F49D4926D2}"
EndProject
Global
	GlobalSection(SolutionConfigurationPlatforms) = preSolution
		Debug|Any CPU = Debug|Any CPU
		Release|Any CPU = Release|Any CPU
	EndGlobalSection
	GlobalSection(ProjectConfigurationPlatforms) = postSolution
		{12BA5598-3B5F-4269-9990-75F49D4926D2}.Debug|Any CPU.ActiveCfg = Debug|Any CPU
		{12BA5598-3B5F-4269-9990-75F49D4926D2}.Debug|Any CPU.Build.0 = Debug|Any CPU
		{12BA5598-3B5F-4269-9990-75F49D4926D2}.Release|Any CPU.ActiveCfg = Release|Any CPU
		{12BA5598-3B5F-4269-9990-75F49D4926D2}.Release|Any CPU.Build.0 = Release|Any CPU
	EndGlobalSection
	GlobalSection(SolutionProperties) = preSolution
		HideSolutionNode = FALSE
	EndGlobalSection
	GlobalSection(ExtensibilityGlobals) = postSolution
		SolutionGuid = {00EADFD0-8A01-4E39-BC5E-0837421A6645}
	EndGlobalSection
EndGlobal
